<?xml version="1.0" encoding="utf-8"?>
<Project ToolsVersion="4.0" xmlns="http://schemas.microsoft.com/developer/msbuild/2003">
  <ItemGroup>
    <Filter Include="main">
      <UniqueIdentifier>{67DA6AB6-F800-4c08-8B7A-83BB121AAD01}</UniqueIdentifier>
      <Extensions>rc;ico;cur;bmp;dlg;rc2;rct;bin;rgs;gif;jpg;jpeg;jpe;resx;tiff;tif;png;wav</Extensions>
    </Filter>
    <Filter Include="server sources">
      <UniqueIdentifier>{4FC737F1-C7A5-4376-A066-2A32D752A2FF}</UniqueIdentifier>
      <Extensions>cpp;c;cc;cxx;def;odl;idl;hpj;bat;asm;asmx</Extensions>
    </Filter>
    <Filter Include="server headers">
      <UniqueIdentifier>{93995380-89BD-4b04-88EB-625FBE52EBFB}</UniqueIdentifier>
      <Extensions>h;hpp;hxx;hm;inl;inc;xsd</Extensions>
    </Filter>
  </ItemGroup>
  <ItemGroup>
    <ClCompile Include="src\example1_static\win_main.cpp">
      <Filter>main</Filter>
    </ClCompile>
    <ClCompile Include="src\server\connection.cpp">
      <Filter>server sources</Filter>
    </ClCompile>
    <ClCompile Include="src\server\connection_manager.cpp">
      <Filter>server sources</Filter>
    </ClCompile>
    <ClCompile Include="src\server\mime_types.cpp">
      <Filter>server sources</Filter>
    </ClCompile>
    <ClCompile Include="src\server\reply.cpp">
      <Filter>server sources</Filter>
    </ClCompile>
    <ClCompile Include="src\server\request_handler.cpp">
      <Filter>server sources</Filter>
    </ClCompile>
    <ClCompile Include="src\server\request_parser.cpp">
      <Filter>server sources</Filter>
    </ClCompile>
    <ClCompile Include="src\server\server.cpp">
      <Filter>server sources</Filter>
    </ClCompile>
  </ItemGroup>
  <ItemGroup>
    <ClInclude Include="src\server\connection.hpp">
      <Filter>server headers</Filter>
    </ClInclude>
    <ClInclude Include="src\server\connection_manager.hpp">
      <Filter>server headers</Filter>
    </ClInclude>
    <ClInclude Include="src\server\header.hpp">
      <Filter>server headers</Filter>
    </ClInclude>
    <ClInclude Include="src\server\mime_types.hpp">
      <Filter>server headers</Filter>
    </ClInclude>
    <ClInclude Include="src\server\reply.hpp">
      <Filter>server headers</Filter>
    </ClInclude>
    <ClInclude Include="src\server\request.hpp">
      <Filter>server headers</Filter>
    </ClInclude>
    <ClInclude Include="src\server\request_handler.hpp">
      <Filter>server headers</Filter>
    </ClInclude>
    <ClInclude Include="src\server\request_parser.hpp">
      <Filter>server headers</Filter>
    </ClInclude>
    <ClInclude Include="src\server\server.hpp">
      <Filter>server headers</Filter>
    </ClInclude>
  </ItemGroup>
</Project>